<?xml version="1.0" encoding="utf-8"?>
<Project ToolsVersion="4.0" xmlns="http://schemas.microsoft.com/developer/msbuild/2003">
  <ItemGroup>
    <Filter Include="Source">
      <UniqueIdentifier>{5d8b9f91-7bc1-4c71-80cf-4091895813d7}</UniqueIdentifier>
    </Filter>
    <Filter Include="Headers">
      <UniqueIdentifier>{7ede0a9a-bbdd-4c98-a815-d6e7296e7d59}</UniqueIdentifier>
    </Filter>
  </ItemGroup>
  <ItemGroup>
    <ClCompile Include="main.cpp">
      <Filter>Source</Filter>
    </ClCompile>
    <ClCompile Include="threading.cpp">
      <Filter>Source</Filter>
    </ClCompile>
    <ClCompile Include="..\src\stuff.cpp">
      <Filter>Source</Filter>
    </ClCompile>
    <ClCompile Include="usart.cpp">
      <Filter>Source</Filter>
    </ClCompile>
    <ClCompile Include="I2C.cpp">
      <Filter>Source</Filter>
    </ClCompile>
    <ClCompile Include="SPI.cpp">
      <Filter>Source</Filter>
    </ClCompile>
    <ClCompile Include="Colorize.cpp">
      <Filter>Source</Filter>
    </ClCompile>
    <ClCompile Include="LCD.cpp">
      <Filter>Source</Filter>
    </ClCompile>
    <ClCompile Include="Screen.cpp">
      <Filter>Source</Filter>
    </ClCompile>
    <ClCompile Include="Task.cpp">
      <Filter>Source</Filter>
    </ClCompile>
    <ClCompile Include="Floodgate.cpp">
      <Filter>Source</Filter>
    </ClCompile>
    <ClCompile Include="cg.cpp">
      <Filter>Source</Filter>
    </ClCompile>
  </ItemGroup>
  <ItemGroup>
    <ClInclude Include="threading.h">
      <Filter>Headers</Filter>
    </ClInclude>
    <ClInclude Include="..\src\stuff.h">
      <Filter>Headers</Filter>
    </ClInclude>
    <ClInclude Include="usart.h">
      <Filter>Headers</Filter>
    </ClInclude>
    <ClInclude Include="I2C.h">
      <Filter>Headers</Filter>
    </ClInclude>
    <ClInclude Include="SPI.h">
      <Filter>Headers</Filter>
    </ClInclude>
    <ClInclude Include="Colorize.h">
      <Filter>Headers</Filter>
    </ClInclude>
    <ClInclude Include="LCD.h">
      <Filter>Headers</Filter>
    </ClInclude>
    <ClInclude Include="Screen.h">
      <Filter>Headers</Filter>
    </ClInclude>
    <ClInclude Include="Task.h">
      <Filter>Headers</Filter>
    </ClInclude>
    <ClInclude Include="Floodgate.h">
      <Filter>Headers</Filter>
    </ClInclude>
    <ClInclude Include="cg.h">
      <Filter>Headers</Filter>
    </ClInclude>
    <ClInclude Include="Snake.h">
      <Filter>Headers</Filter>
    </ClInclude>
  </ItemGroup>
</Project>